// !$*UTF8*$!
{
	archiveVersion = 1;
	classes = {
	};
	objectVersion = 56;
	objects = {

/* Begin PBXBuildFile section */
		262EA5BC2C55387B00162FC0 /* AppDelegate.swift in Sources */ = {isa = PBXBuildFile; fileRef = 262EA5BB2C55387B00162FC0 /* AppDelegate.swift */; };
		262EA5BE2C55387B00162FC0 /* SceneDelegate.swift in Sources */ = {isa = PBXBuildFile; fileRef = 262EA5BD2C55387B00162FC0 /* SceneDelegate.swift */; };
		262EA5C02C55387B00162FC0 /* LoginViewController.swift in Sources */ = {isa = PBXBuildFile; fileRef = 262EA5BF2C55387B00162FC0 /* LoginViewController.swift */; };
		262EA5C32C55387B00162FC0 /* Main.storyboard in Resources */ = {isa = PBXBuildFile; fileRef = 262EA5C12C55387B00162FC0 /* Main.storyboard */; };
		262EA5C52C55387C00162FC0 /* Assets.xcassets in Resources */ = {isa = PBXBuildFile; fileRef = 262EA5C42C55387C00162FC0 /* Assets.xcassets */; };
		262EA5C82C55387C00162FC0 /* LaunchScreen.storyboard in Resources */ = {isa = PBXBuildFile; fileRef = 262EA5C62C55387C00162FC0 /* LaunchScreen.storyboard */; };
		266370D12C7F533A00B2F436 /* VideoViewController.swift in Sources */ = {isa = PBXBuildFile; fileRef = 266370CF2C7F533A00B2F436 /* VideoViewController.swift */; };
		266370D22C7F533A00B2F436 /* VideoViewController.xib in Resources */ = {isa = PBXBuildFile; fileRef = 266370D02C7F533A00B2F436 /* VideoViewController.xib */; };
		266370D42C7F6CFF00B2F436 /* VideoViewModel.swift in Sources */ = {isa = PBXBuildFile; fileRef = 266370D32C7F6CFF00B2F436 /* VideoViewModel.swift */; };
		266370D62C7F6E8500B2F436 /* Bookmark.swift in Sources */ = {isa = PBXBuildFile; fileRef = 266370D52C7F6E8500B2F436 /* Bookmark.swift */; };
		266370D82C7F6EBE00B2F436 /* VideoListItem.swift in Sources */ = {isa = PBXBuildFile; fileRef = 266370D72C7F6EBE00B2F436 /* VideoListItem.swift */; };
		266370DA2C7F6EDB00B2F436 /* Video.swift in Sources */ = {isa = PBXBuildFile; fileRef = 266370D92C7F6EDB00B2F436 /* Video.swift */; };
		266370DF2C7F9CAC00B2F436 /* MoreViewController.swift in Sources */ = {isa = PBXBuildFile; fileRef = 266370DD2C7F9CAC00B2F436 /* MoreViewController.swift */; };
		266370E02C7F9CAC00B2F436 /* MoreViewController.xib in Resources */ = {isa = PBXBuildFile; fileRef = 266370DE2C7F9CAC00B2F436 /* MoreViewController.xib */; };
		266370E32C7F9F9F00B2F436 /* MoreTableViewCell.swift in Sources */ = {isa = PBXBuildFile; fileRef = 266370E12C7F9F9F00B2F436 /* MoreTableViewCell.swift */; };
		266370E42C7F9F9F00B2F436 /* MoreTableViewCell.xib in Resources */ = {isa = PBXBuildFile; fileRef = 266370E22C7F9F9F00B2F436 /* MoreTableViewCell.xib */; };
		266370E62C7FA2CA00B2F436 /* MoreViewModel.swift in Sources */ = {isa = PBXBuildFile; fileRef = 266370E52C7FA2CA00B2F436 /* MoreViewModel.swift */; };
		266728022C88D0DE00ED7CE7 /* SeekbarView.swift in Sources */ = {isa = PBXBuildFile; fileRef = 266728012C88D0DE00ED7CE7 /* SeekbarView.swift */; };
		267FDDBE2C6E625B0074CEEF /* URLDefines.swift in Sources */ = {isa = PBXBuildFile; fileRef = 267FDDBD2C6E625B0074CEEF /* URLDefines.swift */; };
		267FDDC02C6E62CD0074CEEF /* DataLoader.swift in Sources */ = {isa = PBXBuildFile; fileRef = 267FDDBF2C6E62CD0074CEEF /* DataLoader.swift */; };
		267FDDC22C6E63270074CEEF /* UIImageView+.swift in Sources */ = {isa = PBXBuildFile; fileRef = 267FDDC12C6E63270074CEEF /* UIImageView+.swift */; };
		268512FE2C66684A008141AC /* HomeSection.swift in Sources */ = {isa = PBXBuildFile; fileRef = 268512FD2C66684A008141AC /* HomeSection.swift */; };
		268513002C666EA1008141AC /* TabBarViewController.swift in Sources */ = {isa = PBXBuildFile; fileRef = 268512FF2C666EA1008141AC /* TabBarViewController.swift */; };
		268513092C6672E8008141AC /* HomeRecommendContainerCell.swift in Sources */ = {isa = PBXBuildFile; fileRef = 268513072C6672E8008141AC /* HomeRecommendContainerCell.swift */; };
		2685130A2C6672E8008141AC /* HomeRecommendContainerCell.xib in Resources */ = {isa = PBXBuildFile; fileRef = 268513082C6672E8008141AC /* HomeRecommendContainerCell.xib */; };
		2685130D2C66736E008141AC /* HomeHeaderView.swift in Sources */ = {isa = PBXBuildFile; fileRef = 2685130B2C66736E008141AC /* HomeHeaderView.swift */; };
		2685130E2C66736E008141AC /* HomeHeaderView.xib in Resources */ = {isa = PBXBuildFile; fileRef = 2685130C2C66736E008141AC /* HomeHeaderView.xib */; };
		268513112C667382008141AC /* HomeFooterView.swift in Sources */ = {isa = PBXBuildFile; fileRef = 2685130F2C667382008141AC /* HomeFooterView.swift */; };
		268513122C667382008141AC /* HomeFooterView.xib in Resources */ = {isa = PBXBuildFile; fileRef = 268513102C667382008141AC /* HomeFooterView.xib */; };
		268513152C6673A9008141AC /* VideoListItemCell.swift in Sources */ = {isa = PBXBuildFile; fileRef = 268513132C6673A9008141AC /* VideoListItemCell.swift */; };
		268513162C6673A9008141AC /* VideoListItemCell.xib in Resources */ = {isa = PBXBuildFile; fileRef = 268513142C6673A9008141AC /* VideoListItemCell.xib */; };
		269211FC2C8F17E4008A9671 /* LiveViewController.swift in Sources */ = {isa = PBXBuildFile; fileRef = 269211FB2C8F17E4008A9671 /* LiveViewController.swift */; };
		269211FF2C8F3A39008A9671 /* LiveCell.swift in Sources */ = {isa = PBXBuildFile; fileRef = 269211FD2C8F3A39008A9671 /* LiveCell.swift */; };
		269212002C8F3A39008A9671 /* LiveCell.xib in Resources */ = {isa = PBXBuildFile; fileRef = 269211FE2C8F3A39008A9671 /* LiveCell.xib */; };
		269212022C8F46BC008A9671 /* Live.swift in Sources */ = {isa = PBXBuildFile; fileRef = 269212012C8F46BC008A9671 /* Live.swift */; };
		269212042C8F4703008A9671 /* LiveViewModel.swift in Sources */ = {isa = PBXBuildFile; fileRef = 269212032C8F4703008A9671 /* LiveViewModel.swift */; };
		269212072C8F54DB008A9671 /* ChattingView.swift in Sources */ = {isa = PBXBuildFile; fileRef = 269212062C8F54DB008A9671 /* ChattingView.swift */; };
		269212092C8F553C008A9671 /* ChatSimulator.swift in Sources */ = {isa = PBXBuildFile; fileRef = 269212082C8F553C008A9671 /* ChatSimulator.swift */; };
		26975D782C6DE8B9009D91D9 /* video.json in Resources */ = {isa = PBXBuildFile; fileRef = 26975D742C6DE8B9009D91D9 /* video.json */; };
		26975D792C6DE8B9009D91D9 /* home.json in Resources */ = {isa = PBXBuildFile; fileRef = 26975D752C6DE8B9009D91D9 /* home.json */; };
		26975D7A2C6DE8B9009D91D9 /* live.json in Resources */ = {isa = PBXBuildFile; fileRef = 26975D762C6DE8B9009D91D9 /* live.json */; };
		26975D7B2C6DE8B9009D91D9 /* favorite.json in Resources */ = {isa = PBXBuildFile; fileRef = 26975D772C6DE8B9009D91D9 /* favorite.json */; };
		26975D7E2C6E1856009D91D9 /* Home.swift in Sources */ = {isa = PBXBuildFile; fileRef = 26975D7D2C6E1856009D91D9 /* Home.swift */; };
		26975D812C6E2D2B009D91D9 /* DateFormatter+.swift in Sources */ = {isa = PBXBuildFile; fileRef = 26975D802C6E2D2B009D91D9 /* DateFormatter+.swift */; };
		26975D832C6E3BDE009D91D9 /* DateComponentsFormatter+.swift in Sources */ = {isa = PBXBuildFile; fileRef = 26975D822C6E3BDE009D91D9 /* DateComponentsFormatter+.swift */; };
		26975D852C6E424E009D91D9 /* HomeViewModel.swift in Sources */ = {isa = PBXBuildFile; fileRef = 26975D842C6E424E009D91D9 /* HomeViewModel.swift */; };
		2699BD7C2C6505ED00CB3DF0 /* HomeViewController.swift in Sources */ = {isa = PBXBuildFile; fileRef = 2699BD7B2C6505ED00CB3DF0 /* HomeViewController.swift */; };
		2699BD832C6506F300CB3DF0 /* HomeVideoCell.swift in Sources */ = {isa = PBXBuildFile; fileRef = 2699BD812C6506F300CB3DF0 /* HomeVideoCell.swift */; };
		2699BD842C6506F300CB3DF0 /* HomeVideoCell.xib in Resources */ = {isa = PBXBuildFile; fileRef = 2699BD822C6506F300CB3DF0 /* HomeVideoCell.xib */; };
		269A6DAB2C80EC9100EB91A6 /* PlayerView.swift in Sources */ = {isa = PBXBuildFile; fileRef = 269A6DAA2C80EC9100EB91A6 /* PlayerView.swift */; };
		269E72302C92EECF00071C99 /* ChattingViewModel.swift in Sources */ = {isa = PBXBuildFile; fileRef = 269E722F2C92EECF00071C99 /* ChattingViewModel.swift */; };
		269E72352C92EF0800071C99 /* LiveChattingMessageCollectionViewCell.swift in Sources */ = {isa = PBXBuildFile; fileRef = 269E72312C92EF0800071C99 /* LiveChattingMessageCollectionViewCell.swift */; };
		269E72362C92EF0800071C99 /* LiveChattingMessageCollectionViewCell.xib in Resources */ = {isa = PBXBuildFile; fileRef = 269E72322C92EF0800071C99 /* LiveChattingMessageCollectionViewCell.xib */; };
		269E72372C92EF0800071C99 /* LiveChattingMyMessageCollectionViewCell.swift in Sources */ = {isa = PBXBuildFile; fileRef = 269E72332C92EF0800071C99 /* LiveChattingMyMessageCollectionViewCell.swift */; };
		269E72382C92EF0800071C99 /* LiveChattingMyMessageCollectionViewCell.xib in Resources */ = {isa = PBXBuildFile; fileRef = 269E72342C92EF0800071C99 /* LiveChattingMyMessageCollectionViewCell.xib */; };
		26AB114D2C77A2AC00EAC9B5 /* MyViewController.swift in Sources */ = {isa = PBXBuildFile; fileRef = 26AB114C2C77A2AC00EAC9B5 /* MyViewController.swift */; };
		26AB11512C77A4DC00EAC9B5 /* BookmarkCell.swift in Sources */ = {isa = PBXBuildFile; fileRef = 26AB114F2C77A4DC00EAC9B5 /* BookmarkCell.swift */; };
		26AB11522C77A4DC00EAC9B5 /* BookmarkCell.xib in Resources */ = {isa = PBXBuildFile; fileRef = 26AB11502C77A4DC00EAC9B5 /* BookmarkCell.xib */; };
		26AB11542C77A4FB00EAC9B5 /* BookmarkViewController.swift in Sources */ = {isa = PBXBuildFile; fileRef = 26AB11532C77A4FB00EAC9B5 /* BookmarkViewController.swift */; };
		26AB11562C77A50300EAC9B5 /* BookmarkViewModel.swift in Sources */ = {isa = PBXBuildFile; fileRef = 26AB11552C77A50300EAC9B5 /* BookmarkViewModel.swift */; };
		26AB11582C77A97A00EAC9B5 /* Favorite.swift in Sources */ = {isa = PBXBuildFile; fileRef = 26AB11572C77A97A00EAC9B5 /* Favorite.swift */; };
		26AB115B2C77B2E400EAC9B5 /* FavoriteViewController.swift in Sources */ = {isa = PBXBuildFile; fileRef = 26AB115A2C77B2E400EAC9B5 /* FavoriteViewController.swift */; };
		26AB115D2C77B2F000EAC9B5 /* FavoriteViewModel.swift in Sources */ = {isa = PBXBuildFile; fileRef = 26AB115C2C77B2F000EAC9B5 /* FavoriteViewModel.swift */; };
		26B07ED32CA12D6800144102 /* HomeRankingHeaderView.swift in Sources */ = {isa = PBXBuildFile; fileRef = 26B07ED12CA12D6800144102 /* HomeRankingHeaderView.swift */; };
		26B07ED42CA12D6800144102 /* HomeRankingHeaderView.xib in Resources */ = {isa = PBXBuildFile; fileRef = 26B07ED22CA12D6800144102 /* HomeRankingHeaderView.xib */; };
		26B3C7AA2C5FC4AE0045A050 /* Color.xcassets in Resources */ = {isa = PBXBuildFile; fileRef = 26B3C7A92C5FC4AE0045A050 /* Color.xcassets */; };
		26C108952C69FE5C0013821C /* HomeRankingContainerCell.swift in Sources */ = {isa = PBXBuildFile; fileRef = 26C108932C69FE5C0013821C /* HomeRankingContainerCell.swift */; };
		26C108962C69FE5C0013821C /* HomeRankingContainerCell.xib in Resources */ = {isa = PBXBuildFile; fileRef = 26C108942C69FE5C0013821C /* HomeRankingContainerCell.xib */; };
		26C108992C6A023C0013821C /* HomeRankingItemCell.swift in Sources */ = {isa = PBXBuildFile; fileRef = 26C108972C6A023C0013821C /* HomeRankingItemCell.swift */; };
		26C1089A2C6A023C0013821C /* HomeRankingItemCell.xib in Resources */ = {isa = PBXBuildFile; fileRef = 26C108982C6A023C0013821C /* HomeRankingItemCell.xib */; };
		26C108A32C6A164C0013821C /* HomeRecentWatchItemCell.swift in Sources */ = {isa = PBXBuildFile; fileRef = 26C108A12C6A164C0013821C /* HomeRecentWatchItemCell.swift */; };
		26C108A42C6A164C0013821C /* HomeRecentWatchItemCell.xib in Resources */ = {isa = PBXBuildFile; fileRef = 26C108A22C6A164C0013821C /* HomeRecentWatchItemCell.xib */; };
		26C108A72C6CEEE60013821C /* HomeRecentWatchContainerCell.swift in Sources */ = {isa = PBXBuildFile; fileRef = 26C108A52C6CEEE60013821C /* HomeRecentWatchContainerCell.swift */; };
		26C108A82C6CEEE60013821C /* HomeRecentWatchContainerCell.xib in Resources */ = {isa = PBXBuildFile; fileRef = 26C108A62C6CEEE60013821C /* HomeRecentWatchContainerCell.xib */; };
		26C1A9DE2C763485001432ED /* HomeRecommendViewModel.swift in Sources */ = {isa = PBXBuildFile; fileRef = 26C1A9DD2C763485001432ED /* HomeRecommendViewModel.swift */; };
/* End PBXBuildFile section */

/* Begin PBXFileReference section */
		262EA5B82C55387B00162FC0 /* KTV.app */ = {isa = PBXFileReference; explicitFileType = wrapper.application; includeInIndex = 0; path = KTV.app; sourceTree = BUILT_PRODUCTS_DIR; };
		262EA5BB2C55387B00162FC0 /* AppDelegate.swift */ = {isa = PBXFileReference; lastKnownFileType = sourcecode.swift; path = AppDelegate.swift; sourceTree = "<group>"; };
		262EA5BD2C55387B00162FC0 /* SceneDelegate.swift */ = {isa = PBXFileReference; lastKnownFileType = sourcecode.swift; path = SceneDelegate.swift; sourceTree = "<group>"; };
		262EA5BF2C55387B00162FC0 /* LoginViewController.swift */ = {isa = PBXFileReference; lastKnownFileType = sourcecode.swift; path = LoginViewController.swift; sourceTree = "<group>"; };
		262EA5C22C55387B00162FC0 /* Base */ = {isa = PBXFileReference; lastKnownFileType = file.storyboard; name = Base; path = Base.lproj/Main.storyboard; sourceTree = "<group>"; };
		262EA5C42C55387C00162FC0 /* Assets.xcassets */ = {isa = PBXFileReference; lastKnownFileType = folder.assetcatalog; path = Assets.xcassets; sourceTree = "<group>"; };
		262EA5C72C55387C00162FC0 /* Base */ = {isa = PBXFileReference; lastKnownFileType = file.storyboard; name = Base; path = Base.lproj/LaunchScreen.storyboard; sourceTree = "<group>"; };
		262EA5C92C55387C00162FC0 /* Info.plist */ = {isa = PBXFileReference; lastKnownFileType = text.plist.xml; path = Info.plist; sourceTree = "<group>"; };
		266370CF2C7F533A00B2F436 /* VideoViewController.swift */ = {isa = PBXFileReference; lastKnownFileType = sourcecode.swift; path = VideoViewController.swift; sourceTree = "<group>"; };
		266370D02C7F533A00B2F436 /* VideoViewController.xib */ = {isa = PBXFileReference; lastKnownFileType = file.xib; path = VideoViewController.xib; sourceTree = "<group>"; };
		266370D32C7F6CFF00B2F436 /* VideoViewModel.swift */ = {isa = PBXFileReference; lastKnownFileType = sourcecode.swift; path = VideoViewModel.swift; sourceTree = "<group>"; };
		266370D52C7F6E8500B2F436 /* Bookmark.swift */ = {isa = PBXFileReference; lastKnownFileType = sourcecode.swift; path = Bookmark.swift; sourceTree = "<group>"; };
		266370D72C7F6EBE00B2F436 /* VideoListItem.swift */ = {isa = PBXFileReference; lastKnownFileType = sourcecode.swift; path = VideoListItem.swift; sourceTree = "<group>"; };
		266370D92C7F6EDB00B2F436 /* Video.swift */ = {isa = PBXFileReference; lastKnownFileType = sourcecode.swift; path = Video.swift; sourceTree = "<group>"; };
		266370DD2C7F9CAC00B2F436 /* MoreViewController.swift */ = {isa = PBXFileReference; lastKnownFileType = sourcecode.swift; path = MoreViewController.swift; sourceTree = "<group>"; };
		266370DE2C7F9CAC00B2F436 /* MoreViewController.xib */ = {isa = PBXFileReference; lastKnownFileType = file.xib; path = MoreViewController.xib; sourceTree = "<group>"; };
		266370E12C7F9F9F00B2F436 /* MoreTableViewCell.swift */ = {isa = PBXFileReference; lastKnownFileType = sourcecode.swift; path = MoreTableViewCell.swift; sourceTree = "<group>"; };
		266370E22C7F9F9F00B2F436 /* MoreTableViewCell.xib */ = {isa = PBXFileReference; lastKnownFileType = file.xib; path = MoreTableViewCell.xib; sourceTree = "<group>"; };
		266370E52C7FA2CA00B2F436 /* MoreViewModel.swift */ = {isa = PBXFileReference; lastKnownFileType = sourcecode.swift; path = MoreViewModel.swift; sourceTree = "<group>"; };
		266728012C88D0DE00ED7CE7 /* SeekbarView.swift */ = {isa = PBXFileReference; lastKnownFileType = sourcecode.swift; path = SeekbarView.swift; sourceTree = "<group>"; };
		267FDDBD2C6E625B0074CEEF /* URLDefines.swift */ = {isa = PBXFileReference; lastKnownFileType = sourcecode.swift; path = URLDefines.swift; sourceTree = "<group>"; };
		267FDDBF2C6E62CD0074CEEF /* DataLoader.swift */ = {isa = PBXFileReference; lastKnownFileType = sourcecode.swift; path = DataLoader.swift; sourceTree = "<group>"; };
		267FDDC12C6E63270074CEEF /* UIImageView+.swift */ = {isa = PBXFileReference; lastKnownFileType = sourcecode.swift; path = "UIImageView+.swift"; sourceTree = "<group>"; };
		268512FD2C66684A008141AC /* HomeSection.swift */ = {isa = PBXFileReference; lastKnownFileType = sourcecode.swift; path = HomeSection.swift; sourceTree = "<group>"; };
		268512FF2C666EA1008141AC /* TabBarViewController.swift */ = {isa = PBXFileReference; lastKnownFileType = sourcecode.swift; path = TabBarViewController.swift; sourceTree = "<group>"; };
		268513072C6672E8008141AC /* HomeRecommendContainerCell.swift */ = {isa = PBXFileReference; lastKnownFileType = sourcecode.swift; path = HomeRecommendContainerCell.swift; sourceTree = "<group>"; };
		268513082C6672E8008141AC /* HomeRecommendContainerCell.xib */ = {isa = PBXFileReference; lastKnownFileType = file.xib; path = HomeRecommendContainerCell.xib; sourceTree = "<group>"; };
		2685130B2C66736E008141AC /* HomeHeaderView.swift */ = {isa = PBXFileReference; lastKnownFileType = sourcecode.swift; path = HomeHeaderView.swift; sourceTree = "<group>"; };
		2685130C2C66736E008141AC /* HomeHeaderView.xib */ = {isa = PBXFileReference; lastKnownFileType = file.xib; path = HomeHeaderView.xib; sourceTree = "<group>"; };
		2685130F2C667382008141AC /* HomeFooterView.swift */ = {isa = PBXFileReference; lastKnownFileType = sourcecode.swift; path = HomeFooterView.swift; sourceTree = "<group>"; };
		268513102C667382008141AC /* HomeFooterView.xib */ = {isa = PBXFileReference; lastKnownFileType = file.xib; path = HomeFooterView.xib; sourceTree = "<group>"; };
		268513132C6673A9008141AC /* VideoListItemCell.swift */ = {isa = PBXFileReference; lastKnownFileType = sourcecode.swift; path = VideoListItemCell.swift; sourceTree = "<group>"; };
		268513142C6673A9008141AC /* VideoListItemCell.xib */ = {isa = PBXFileReference; lastKnownFileType = file.xib; path = VideoListItemCell.xib; sourceTree = "<group>"; };
		269211FB2C8F17E4008A9671 /* LiveViewController.swift */ = {isa = PBXFileReference; lastKnownFileType = sourcecode.swift; path = LiveViewController.swift; sourceTree = "<group>"; };
		269211FD2C8F3A39008A9671 /* LiveCell.swift */ = {isa = PBXFileReference; lastKnownFileType = sourcecode.swift; path = LiveCell.swift; sourceTree = "<group>"; };
		269211FE2C8F3A39008A9671 /* LiveCell.xib */ = {isa = PBXFileReference; lastKnownFileType = file.xib; path = LiveCell.xib; sourceTree = "<group>"; };
		269212012C8F46BC008A9671 /* Live.swift */ = {isa = PBXFileReference; lastKnownFileType = sourcecode.swift; path = Live.swift; sourceTree = "<group>"; };
		269212032C8F4703008A9671 /* LiveViewModel.swift */ = {isa = PBXFileReference; lastKnownFileType = sourcecode.swift; path = LiveViewModel.swift; sourceTree = "<group>"; };
		269212062C8F54DB008A9671 /* ChattingView.swift */ = {isa = PBXFileReference; lastKnownFileType = sourcecode.swift; path = ChattingView.swift; sourceTree = "<group>"; };
		269212082C8F553C008A9671 /* ChatSimulator.swift */ = {isa = PBXFileReference; fileEncoding = 4; lastKnownFileType = sourcecode.swift; path = ChatSimulator.swift; sourceTree = "<group>"; };
		26975D732C6DE7A9009D91D9 /* bookmark.json */ = {isa = PBXFileReference; lastKnownFileType = text.json; path = bookmark.json; sourceTree = "<group>"; };
		26975D742C6DE8B9009D91D9 /* video.json */ = {isa = PBXFileReference; fileEncoding = 4; lastKnownFileType = text.json; path = video.json; sourceTree = "<group>"; };
		26975D752C6DE8B9009D91D9 /* home.json */ = {isa = PBXFileReference; fileEncoding = 4; lastKnownFileType = text.json; path = home.json; sourceTree = "<group>"; };
		26975D762C6DE8B9009D91D9 /* live.json */ = {isa = PBXFileReference; fileEncoding = 4; lastKnownFileType = text.json; path = live.json; sourceTree = "<group>"; };
		26975D772C6DE8B9009D91D9 /* favorite.json */ = {isa = PBXFileReference; fileEncoding = 4; lastKnownFileType = text.json; path = favorite.json; sourceTree = "<group>"; };
		26975D7D2C6E1856009D91D9 /* Home.swift */ = {isa = PBXFileReference; lastKnownFileType = sourcecode.swift; path = Home.swift; sourceTree = "<group>"; };
		26975D802C6E2D2B009D91D9 /* DateFormatter+.swift */ = {isa = PBXFileReference; lastKnownFileType = sourcecode.swift; path = "DateFormatter+.swift"; sourceTree = "<group>"; };
		26975D822C6E3BDE009D91D9 /* DateComponentsFormatter+.swift */ = {isa = PBXFileReference; lastKnownFileType = sourcecode.swift; path = "DateComponentsFormatter+.swift"; sourceTree = "<group>"; };
		26975D842C6E424E009D91D9 /* HomeViewModel.swift */ = {isa = PBXFileReference; lastKnownFileType = sourcecode.swift; path = HomeViewModel.swift; sourceTree = "<group>"; };
		2699BD7B2C6505ED00CB3DF0 /* HomeViewController.swift */ = {isa = PBXFileReference; lastKnownFileType = sourcecode.swift; path = HomeViewController.swift; sourceTree = "<group>"; };
		2699BD812C6506F300CB3DF0 /* HomeVideoCell.swift */ = {isa = PBXFileReference; lastKnownFileType = sourcecode.swift; path = HomeVideoCell.swift; sourceTree = "<group>"; };
		2699BD822C6506F300CB3DF0 /* HomeVideoCell.xib */ = {isa = PBXFileReference; lastKnownFileType = file.xib; path = HomeVideoCell.xib; sourceTree = "<group>"; };
		269A6DAA2C80EC9100EB91A6 /* PlayerView.swift */ = {isa = PBXFileReference; lastKnownFileType = sourcecode.swift; path = PlayerView.swift; sourceTree = "<group>"; };
		269E722F2C92EECF00071C99 /* ChattingViewModel.swift */ = {isa = PBXFileReference; lastKnownFileType = sourcecode.swift; path = ChattingViewModel.swift; sourceTree = "<group>"; };
		269E72312C92EF0800071C99 /* LiveChattingMessageCollectionViewCell.swift */ = {isa = PBXFileReference; fileEncoding = 4; lastKnownFileType = sourcecode.swift; path = LiveChattingMessageCollectionViewCell.swift; sourceTree = "<group>"; };
		269E72322C92EF0800071C99 /* LiveChattingMessageCollectionViewCell.xib */ = {isa = PBXFileReference; fileEncoding = 4; lastKnownFileType = file.xib; path = LiveChattingMessageCollectionViewCell.xib; sourceTree = "<group>"; };
		269E72332C92EF0800071C99 /* LiveChattingMyMessageCollectionViewCell.swift */ = {isa = PBXFileReference; fileEncoding = 4; lastKnownFileType = sourcecode.swift; path = LiveChattingMyMessageCollectionViewCell.swift; sourceTree = "<group>"; };
		269E72342C92EF0800071C99 /* LiveChattingMyMessageCollectionViewCell.xib */ = {isa = PBXFileReference; fileEncoding = 4; lastKnownFileType = file.xib; path = LiveChattingMyMessageCollectionViewCell.xib; sourceTree = "<group>"; };
		26AB114C2C77A2AC00EAC9B5 /* MyViewController.swift */ = {isa = PBXFileReference; lastKnownFileType = sourcecode.swift; path = MyViewController.swift; sourceTree = "<group>"; };
		26AB114F2C77A4DC00EAC9B5 /* BookmarkCell.swift */ = {isa = PBXFileReference; lastKnownFileType = sourcecode.swift; path = BookmarkCell.swift; sourceTree = "<group>"; };
		26AB11502C77A4DC00EAC9B5 /* BookmarkCell.xib */ = {isa = PBXFileReference; lastKnownFileType = file.xib; path = BookmarkCell.xib; sourceTree = "<group>"; };
		26AB11532C77A4FB00EAC9B5 /* BookmarkViewController.swift */ = {isa = PBXFileReference; lastKnownFileType = sourcecode.swift; path = BookmarkViewController.swift; sourceTree = "<group>"; };
		26AB11552C77A50300EAC9B5 /* BookmarkViewModel.swift */ = {isa = PBXFileReference; lastKnownFileType = sourcecode.swift; path = BookmarkViewModel.swift; sourceTree = "<group>"; };
		26AB11572C77A97A00EAC9B5 /* Favorite.swift */ = {isa = PBXFileReference; lastKnownFileType = sourcecode.swift; path = Favorite.swift; sourceTree = "<group>"; };
		26AB115A2C77B2E400EAC9B5 /* FavoriteViewController.swift */ = {isa = PBXFileReference; lastKnownFileType = sourcecode.swift; path = FavoriteViewController.swift; sourceTree = "<group>"; };
		26AB115C2C77B2F000EAC9B5 /* FavoriteViewModel.swift */ = {isa = PBXFileReference; lastKnownFileType = sourcecode.swift; path = FavoriteViewModel.swift; sourceTree = "<group>"; };
		26B07ED12CA12D6800144102 /* HomeRankingHeaderView.swift */ = {isa = PBXFileReference; fileEncoding = 4; lastKnownFileType = sourcecode.swift; path = HomeRankingHeaderView.swift; sourceTree = "<group>"; };
		26B07ED22CA12D6800144102 /* HomeRankingHeaderView.xib */ = {isa = PBXFileReference; fileEncoding = 4; lastKnownFileType = file.xib; path = HomeRankingHeaderView.xib; sourceTree = "<group>"; };
		26B3C7A92C5FC4AE0045A050 /* Color.xcassets */ = {isa = PBXFileReference; lastKnownFileType = folder.assetcatalog; path = Color.xcassets; sourceTree = "<group>"; };
		26C108932C69FE5C0013821C /* HomeRankingContainerCell.swift */ = {isa = PBXFileReference; lastKnownFileType = sourcecode.swift; path = HomeRankingContainerCell.swift; sourceTree = "<group>"; };
		26C108942C69FE5C0013821C /* HomeRankingContainerCell.xib */ = {isa = PBXFileReference; lastKnownFileType = file.xib; path = HomeRankingContainerCell.xib; sourceTree = "<group>"; };
		26C108972C6A023C0013821C /* HomeRankingItemCell.swift */ = {isa = PBXFileReference; lastKnownFileType = sourcecode.swift; path = HomeRankingItemCell.swift; sourceTree = "<group>"; };
		26C108982C6A023C0013821C /* HomeRankingItemCell.xib */ = {isa = PBXFileReference; lastKnownFileType = file.xib; path = HomeRankingItemCell.xib; sourceTree = "<group>"; };
		26C108A12C6A164C0013821C /* HomeRecentWatchItemCell.swift */ = {isa = PBXFileReference; lastKnownFileType = sourcecode.swift; path = HomeRecentWatchItemCell.swift; sourceTree = "<group>"; };
		26C108A22C6A164C0013821C /* HomeRecentWatchItemCell.xib */ = {isa = PBXFileReference; lastKnownFileType = file.xib; path = HomeRecentWatchItemCell.xib; sourceTree = "<group>"; };
		26C108A52C6CEEE60013821C /* HomeRecentWatchContainerCell.swift */ = {isa = PBXFileReference; lastKnownFileType = sourcecode.swift; path = HomeRecentWatchContainerCell.swift; sourceTree = "<group>"; };
		26C108A62C6CEEE60013821C /* HomeRecentWatchContainerCell.xib */ = {isa = PBXFileReference; lastKnownFileType = file.xib; path = HomeRecentWatchContainerCell.xib; sourceTree = "<group>"; };
		26C1A9DD2C763485001432ED /* HomeRecommendViewModel.swift */ = {isa = PBXFileReference; lastKnownFileType = sourcecode.swift; path = HomeRecommendViewModel.swift; sourceTree = "<group>"; };
/* End PBXFileReference section */

/* Begin PBXFrameworksBuildPhase section */
		262EA5B52C55387B00162FC0 /* Frameworks */ = {
			isa = PBXFrameworksBuildPhase;
			buildActionMask = 2147483647;
			files = (
			);
			runOnlyForDeploymentPostprocessing = 0;
		};
/* End PBXFrameworksBuildPhase section */

/* Begin PBXGroup section */
		262EA5AF2C55387B00162FC0 = {
			isa = PBXGroup;
			children = (
				262EA5BA2C55387B00162FC0 /* KTV */,
				262EA5B92C55387B00162FC0 /* Products */,
			);
			sourceTree = "<group>";
		};
		262EA5B92C55387B00162FC0 /* Products */ = {
			isa = PBXGroup;
			children = (
				262EA5B82C55387B00162FC0 /* KTV.app */,
			);
			name = Products;
			sourceTree = "<group>";
		};
		262EA5BA2C55387B00162FC0 /* KTV */ = {
			isa = PBXGroup;
			children = (
				269212052C8F54C3008A9671 /* LiveChatting */,
				269211FA2C8F17C2008A9671 /* Live */,
				26975D722C6DE730009D91D9 /* JSON */,
				26975D7F2C6E2D13009D91D9 /* Utility */,
				26975D7C2C6E1842009D91D9 /* Model */,
				267FDDBC2C6E62460074CEEF /* URLDefines */,
				2699BD7A2C6505DF00CB3DF0 /* Home */,
				26AB114B2C77A28B00EAC9B5 /* My */,
				266370CE2C7F532900B2F436 /* Video */,
				266370DB2C7F9C9400B2F436 /* More */,
				2699BD7D2C65069700CB3DF0 /* Login */,
				262EA5BB2C55387B00162FC0 /* AppDelegate.swift */,
				262EA5BD2C55387B00162FC0 /* SceneDelegate.swift */,
				262EA5C12C55387B00162FC0 /* Main.storyboard */,
				26B3C7A92C5FC4AE0045A050 /* Color.xcassets */,
				262EA5C42C55387C00162FC0 /* Assets.xcassets */,
				262EA5C62C55387C00162FC0 /* LaunchScreen.storyboard */,
				262EA5C92C55387C00162FC0 /* Info.plist */,
			);
			path = KTV;
			sourceTree = "<group>";
		};
		266370CE2C7F532900B2F436 /* Video */ = {
			isa = PBXGroup;
			children = (
				266370D32C7F6CFF00B2F436 /* VideoViewModel.swift */,
				266370CF2C7F533A00B2F436 /* VideoViewController.swift */,
				266370D02C7F533A00B2F436 /* VideoViewController.xib */,
				269A6DAA2C80EC9100EB91A6 /* PlayerView.swift */,
				266728012C88D0DE00ED7CE7 /* SeekbarView.swift */,
			);
			path = Video;
			sourceTree = "<group>";
		};
		266370DB2C7F9C9400B2F436 /* More */ = {
			isa = PBXGroup;
			children = (
				266370E12C7F9F9F00B2F436 /* MoreTableViewCell.swift */,
				266370E22C7F9F9F00B2F436 /* MoreTableViewCell.xib */,
				266370DD2C7F9CAC00B2F436 /* MoreViewController.swift */,
				266370DE2C7F9CAC00B2F436 /* MoreViewController.xib */,
				266370E52C7FA2CA00B2F436 /* MoreViewModel.swift */,
			);
			path = More;
			sourceTree = "<group>";
		};
		267FDDBC2C6E62460074CEEF /* URLDefines */ = {
			isa = PBXGroup;
			children = (
				267FDDBD2C6E625B0074CEEF /* URLDefines.swift */,
			);
			path = URLDefines;
			sourceTree = "<group>";
		};
		269211FA2C8F17C2008A9671 /* Live */ = {
			isa = PBXGroup;
			children = (
				269211FB2C8F17E4008A9671 /* LiveViewController.swift */,
				269212032C8F4703008A9671 /* LiveViewModel.swift */,
				269211FD2C8F3A39008A9671 /* LiveCell.swift */,
				269211FE2C8F3A39008A9671 /* LiveCell.xib */,
			);
			path = Live;
			sourceTree = "<group>";
		};
		269212052C8F54C3008A9671 /* LiveChatting */ = {
			isa = PBXGroup;
			children = (
				269212062C8F54DB008A9671 /* ChattingView.swift */,
				269212082C8F553C008A9671 /* ChatSimulator.swift */,
				269E722F2C92EECF00071C99 /* ChattingViewModel.swift */,
				269E72312C92EF0800071C99 /* LiveChattingMessageCollectionViewCell.swift */,
				269E72322C92EF0800071C99 /* LiveChattingMessageCollectionViewCell.xib */,
				269E72332C92EF0800071C99 /* LiveChattingMyMessageCollectionViewCell.swift */,
				269E72342C92EF0800071C99 /* LiveChattingMyMessageCollectionViewCell.xib */,
			);
			path = LiveChatting;
			sourceTree = "<group>";
		};
		26975D722C6DE730009D91D9 /* JSON */ = {
			isa = PBXGroup;
			children = (
				26975D732C6DE7A9009D91D9 /* bookmark.json */,
				26975D742C6DE8B9009D91D9 /* video.json */,
				26975D772C6DE8B9009D91D9 /* favorite.json */,
				26975D752C6DE8B9009D91D9 /* home.json */,
				26975D762C6DE8B9009D91D9 /* live.json */,
			);
			path = JSON;
			sourceTree = "<group>";
		};
		26975D7C2C6E1842009D91D9 /* Model */ = {
			isa = PBXGroup;
			children = (
				26975D7D2C6E1856009D91D9 /* Home.swift */,
				266370D52C7F6E8500B2F436 /* Bookmark.swift */,
				26AB11572C77A97A00EAC9B5 /* Favorite.swift */,
				266370D72C7F6EBE00B2F436 /* VideoListItem.swift */,
				266370D92C7F6EDB00B2F436 /* Video.swift */,
				269212012C8F46BC008A9671 /* Live.swift */,
			);
			path = Model;
			sourceTree = "<group>";
		};
		26975D7F2C6E2D13009D91D9 /* Utility */ = {
			isa = PBXGroup;
			children = (
				26975D802C6E2D2B009D91D9 /* DateFormatter+.swift */,
				26975D822C6E3BDE009D91D9 /* DateComponentsFormatter+.swift */,
				267FDDBF2C6E62CD0074CEEF /* DataLoader.swift */,
				267FDDC12C6E63270074CEEF /* UIImageView+.swift */,
			);
			path = Utility;
			sourceTree = "<group>";
		};
		2699BD7A2C6505DF00CB3DF0 /* Home */ = {
			isa = PBXGroup;
			children = (
				2699BD7B2C6505ED00CB3DF0 /* HomeViewController.swift */,
				268512FD2C66684A008141AC /* HomeSection.swift */,
				26975D842C6E424E009D91D9 /* HomeViewModel.swift */,
				26C1A9DD2C763485001432ED /* HomeRecommendViewModel.swift */,
				268512FF2C666EA1008141AC /* TabBarViewController.swift */,
				2699BD7E2C6506B700CB3DF0 /* Cell */,
			);
			path = Home;
			sourceTree = "<group>";
		};
		2699BD7D2C65069700CB3DF0 /* Login */ = {
			isa = PBXGroup;
			children = (
				262EA5BF2C55387B00162FC0 /* LoginViewController.swift */,
			);
			path = Login;
			sourceTree = "<group>";
		};
		2699BD7E2C6506B700CB3DF0 /* Cell */ = {
			isa = PBXGroup;
			children = (
				2685130B2C66736E008141AC /* HomeHeaderView.swift */,
				2685130C2C66736E008141AC /* HomeHeaderView.xib */,
				2699BD812C6506F300CB3DF0 /* HomeVideoCell.swift */,
				2699BD822C6506F300CB3DF0 /* HomeVideoCell.xib */,
				268513072C6672E8008141AC /* HomeRecommendContainerCell.swift */,
				268513082C6672E8008141AC /* HomeRecommendContainerCell.xib */,
				268513132C6673A9008141AC /* VideoListItemCell.swift */,
				268513142C6673A9008141AC /* VideoListItemCell.xib */,
				26B07ED12CA12D6800144102 /* HomeRankingHeaderView.swift */,
				26B07ED22CA12D6800144102 /* HomeRankingHeaderView.xib */,
				26C108932C69FE5C0013821C /* HomeRankingContainerCell.swift */,
				26C108942C69FE5C0013821C /* HomeRankingContainerCell.xib */,
				26C108972C6A023C0013821C /* HomeRankingItemCell.swift */,
				26C108982C6A023C0013821C /* HomeRankingItemCell.xib */,
				26C108A52C6CEEE60013821C /* HomeRecentWatchContainerCell.swift */,
				26C108A62C6CEEE60013821C /* HomeRecentWatchContainerCell.xib */,
				26C108A12C6A164C0013821C /* HomeRecentWatchItemCell.swift */,
				26C108A22C6A164C0013821C /* HomeRecentWatchItemCell.xib */,
				2685130F2C667382008141AC /* HomeFooterView.swift */,
				268513102C667382008141AC /* HomeFooterView.xib */,
			);
			path = Cell;
			sourceTree = "<group>";
		};
		26AB114B2C77A28B00EAC9B5 /* My */ = {
			isa = PBXGroup;
			children = (
				26AB114C2C77A2AC00EAC9B5 /* MyViewController.swift */,
				26AB114E2C77A4BB00EAC9B5 /* Bookmark */,
				26AB11592C77B2CC00EAC9B5 /* Favorite */,
			);
			path = My;
			sourceTree = "<group>";
		};
		26AB114E2C77A4BB00EAC9B5 /* Bookmark */ = {
			isa = PBXGroup;
			children = (
				26AB114F2C77A4DC00EAC9B5 /* BookmarkCell.swift */,
				26AB11502C77A4DC00EAC9B5 /* BookmarkCell.xib */,
				26AB11552C77A50300EAC9B5 /* BookmarkViewModel.swift */,
				26AB11532C77A4FB00EAC9B5 /* BookmarkViewController.swift */,
			);
			path = Bookmark;
			sourceTree = "<group>";
		};
		26AB11592C77B2CC00EAC9B5 /* Favorite */ = {
			isa = PBXGroup;
			children = (
				26AB115C2C77B2F000EAC9B5 /* FavoriteViewModel.swift */,
				26AB115A2C77B2E400EAC9B5 /* FavoriteViewController.swift */,
			);
			path = Favorite;
			sourceTree = "<group>";
		};
/* End PBXGroup section */

/* Begin PBXNativeTarget section */
		262EA5B72C55387B00162FC0 /* KTV */ = {
			isa = PBXNativeTarget;
			buildConfigurationList = 262EA5CC2C55387C00162FC0 /* Build configuration list for PBXNativeTarget "KTV" */;
			buildPhases = (
				262EA5B42C55387B00162FC0 /* Sources */,
				262EA5B52C55387B00162FC0 /* Frameworks */,
				262EA5B62C55387B00162FC0 /* Resources */,
			);
			buildRules = (
			);
			dependencies = (
			);
			name = KTV;
			productName = KTV;
			productReference = 262EA5B82C55387B00162FC0 /* KTV.app */;
			productType = "com.apple.product-type.application";
		};
/* End PBXNativeTarget section */

/* Begin PBXProject section */
		262EA5B02C55387B00162FC0 /* Project object */ = {
			isa = PBXProject;
			attributes = {
				BuildIndependentTargetsInParallel = 1;
				LastSwiftUpdateCheck = 1420;
				LastUpgradeCheck = 1420;
				TargetAttributes = {
					262EA5B72C55387B00162FC0 = {
						CreatedOnToolsVersion = 14.2;
					};
				};
			};
			buildConfigurationList = 262EA5B32C55387B00162FC0 /* Build configuration list for PBXProject "KTV" */;
			compatibilityVersion = "Xcode 14.0";
			developmentRegion = en;
			hasScannedForEncodings = 0;
			knownRegions = (
				en,
				Base,
			);
			mainGroup = 262EA5AF2C55387B00162FC0;
			productRefGroup = 262EA5B92C55387B00162FC0 /* Products */;
			projectDirPath = "";
			projectRoot = "";
			targets = (
				262EA5B72C55387B00162FC0 /* KTV */,
			);
		};
/* End PBXProject section */

/* Begin PBXResourcesBuildPhase section */
		262EA5B62C55387B00162FC0 /* Resources */ = {
			isa = PBXResourcesBuildPhase;
			buildActionMask = 2147483647;
			files = (
				262EA5C82C55387C00162FC0 /* LaunchScreen.storyboard in Resources */,
				26975D7A2C6DE8B9009D91D9 /* live.json in Resources */,
				26B3C7AA2C5FC4AE0045A050 /* Color.xcassets in Resources */,
				268513162C6673A9008141AC /* VideoListItemCell.xib in Resources */,
				262EA5C52C55387C00162FC0 /* Assets.xcassets in Resources */,
				266370E02C7F9CAC00B2F436 /* MoreViewController.xib in Resources */,
				26C1089A2C6A023C0013821C /* HomeRankingItemCell.xib in Resources */,
				268513122C667382008141AC /* HomeFooterView.xib in Resources */,
				26C108A82C6CEEE60013821C /* HomeRecentWatchContainerCell.xib in Resources */,
				266370E42C7F9F9F00B2F436 /* MoreTableViewCell.xib in Resources */,
				26B07ED42CA12D6800144102 /* HomeRankingHeaderView.xib in Resources */,
				2699BD842C6506F300CB3DF0 /* HomeVideoCell.xib in Resources */,
				26AB11522C77A4DC00EAC9B5 /* BookmarkCell.xib in Resources */,
				262EA5C32C55387B00162FC0 /* Main.storyboard in Resources */,
				26C108A42C6A164C0013821C /* HomeRecentWatchItemCell.xib in Resources */,
				26975D792C6DE8B9009D91D9 /* home.json in Resources */,
				2685130E2C66736E008141AC /* HomeHeaderView.xib in Resources */,
				269E72382C92EF0800071C99 /* LiveChattingMyMessageCollectionViewCell.xib in Resources */,
				26975D7B2C6DE8B9009D91D9 /* favorite.json in Resources */,
				2685130A2C6672E8008141AC /* HomeRecommendContainerCell.xib in Resources */,
				26C108962C69FE5C0013821C /* HomeRankingContainerCell.xib in Resources */,
				26975D782C6DE8B9009D91D9 /* video.json in Resources */,
				266370D22C7F533A00B2F436 /* VideoViewController.xib in Resources */,
				269E72362C92EF0800071C99 /* LiveChattingMessageCollectionViewCell.xib in Resources */,
				269212002C8F3A39008A9671 /* LiveCell.xib in Resources */,
			);
			runOnlyForDeploymentPostprocessing = 0;
		};
/* End PBXResourcesBuildPhase section */

/* Begin PBXSourcesBuildPhase section */
		262EA5B42C55387B00162FC0 /* Sources */ = {
			isa = PBXSourcesBuildPhase;
			buildActionMask = 2147483647;
			files = (
				26975D852C6E424E009D91D9 /* HomeViewModel.swift in Sources */,
				262EA5C02C55387B00162FC0 /* LoginViewController.swift in Sources */,
				267FDDC02C6E62CD0074CEEF /* DataLoader.swift in Sources */,
				262EA5BC2C55387B00162FC0 /* AppDelegate.swift in Sources */,
				26C108992C6A023C0013821C /* HomeRankingItemCell.swift in Sources */,
				268513092C6672E8008141AC /* HomeRecommendContainerCell.swift in Sources */,
				26C108952C69FE5C0013821C /* HomeRankingContainerCell.swift in Sources */,
				266370D12C7F533A00B2F436 /* VideoViewController.swift in Sources */,
				268512FE2C66684A008141AC /* HomeSection.swift in Sources */,
				266370DF2C7F9CAC00B2F436 /* MoreViewController.swift in Sources */,
				26975D812C6E2D2B009D91D9 /* DateFormatter+.swift in Sources */,
				269212072C8F54DB008A9671 /* ChattingView.swift in Sources */,
				262EA5BE2C55387B00162FC0 /* SceneDelegate.swift in Sources */,
				26C108A72C6CEEE60013821C /* HomeRecentWatchContainerCell.swift in Sources */,
				268513112C667382008141AC /* HomeFooterView.swift in Sources */,
				267FDDC22C6E63270074CEEF /* UIImageView+.swift in Sources */,
				26C108A32C6A164C0013821C /* HomeRecentWatchItemCell.swift in Sources */,
				269212022C8F46BC008A9671 /* Live.swift in Sources */,
				268513152C6673A9008141AC /* VideoListItemCell.swift in Sources */,
				269E72372C92EF0800071C99 /* LiveChattingMyMessageCollectionViewCell.swift in Sources */,
				26975D832C6E3BDE009D91D9 /* DateComponentsFormatter+.swift in Sources */,
				268513002C666EA1008141AC /* TabBarViewController.swift in Sources */,
				266370D42C7F6CFF00B2F436 /* VideoViewModel.swift in Sources */,
				266370DA2C7F6EDB00B2F436 /* Video.swift in Sources */,
				26AB11582C77A97A00EAC9B5 /* Favorite.swift in Sources */,
				266370E32C7F9F9F00B2F436 /* MoreTableViewCell.swift in Sources */,
				26AB115D2C77B2F000EAC9B5 /* FavoriteViewModel.swift in Sources */,
				26AB115B2C77B2E400EAC9B5 /* FavoriteViewController.swift in Sources */,
				269211FF2C8F3A39008A9671 /* LiveCell.swift in Sources */,
				269211FC2C8F17E4008A9671 /* LiveViewController.swift in Sources */,
				269E72302C92EECF00071C99 /* ChattingViewModel.swift in Sources */,
				2699BD832C6506F300CB3DF0 /* HomeVideoCell.swift in Sources */,
				266370D62C7F6E8500B2F436 /* Bookmark.swift in Sources */,
				267FDDBE2C6E625B0074CEEF /* URLDefines.swift in Sources */,
				266728022C88D0DE00ED7CE7 /* SeekbarView.swift in Sources */,
				2685130D2C66736E008141AC /* HomeHeaderView.swift in Sources */,
				26AB11512C77A4DC00EAC9B5 /* BookmarkCell.swift in Sources */,
				269E72352C92EF0800071C99 /* LiveChattingMessageCollectionViewCell.swift in Sources */,
				269212042C8F4703008A9671 /* LiveViewModel.swift in Sources */,
				26AB11562C77A50300EAC9B5 /* BookmarkViewModel.swift in Sources */,
				26975D7E2C6E1856009D91D9 /* Home.swift in Sources */,
				26AB11542C77A4FB00EAC9B5 /* BookmarkViewController.swift in Sources */,
				269A6DAB2C80EC9100EB91A6 /* PlayerView.swift in Sources */,
				26B07ED32CA12D6800144102 /* HomeRankingHeaderView.swift in Sources */,
				2699BD7C2C6505ED00CB3DF0 /* HomeViewController.swift in Sources */,
				26AB114D2C77A2AC00EAC9B5 /* MyViewController.swift in Sources */,
				269212092C8F553C008A9671 /* ChatSimulator.swift in Sources */,
				266370D82C7F6EBE00B2F436 /* VideoListItem.swift in Sources */,
				26C1A9DE2C763485001432ED /* HomeRecommendViewModel.swift in Sources */,
				266370E62C7FA2CA00B2F436 /* MoreViewModel.swift in Sources */,
			);
			runOnlyForDeploymentPostprocessing = 0;
		};
/* End PBXSourcesBuildPhase section */

/* Begin PBXVariantGroup section */
		262EA5C12C55387B00162FC0 /* Main.storyboard */ = {
			isa = PBXVariantGroup;
			children = (
				262EA5C22C55387B00162FC0 /* Base */,
			);
			name = Main.storyboard;
			sourceTree = "<group>";
		};
		262EA5C62C55387C00162FC0 /* LaunchScreen.storyboard */ = {
			isa = PBXVariantGroup;
			children = (
				262EA5C72C55387C00162FC0 /* Base */,
			);
			name = LaunchScreen.storyboard;
			sourceTree = "<group>";
		};
/* End PBXVariantGroup section */

/* Begin XCBuildConfiguration section */
		262EA5CA2C55387C00162FC0 /* Debug */ = {
			isa = XCBuildConfiguration;
			buildSettings = {
				ALWAYS_SEARCH_USER_PATHS = NO;
				CLANG_ANALYZER_NONNULL = YES;
				CLANG_ANALYZER_NUMBER_OBJECT_CONVERSION = YES_AGGRESSIVE;
				CLANG_CXX_LANGUAGE_STANDARD = "gnu++20";
				CLANG_ENABLE_MODULES = YES;
				CLANG_ENABLE_OBJC_ARC = YES;
				CLANG_ENABLE_OBJC_WEAK = YES;
				CLANG_WARN_BLOCK_CAPTURE_AUTORELEASING = YES;
				CLANG_WARN_BOOL_CONVERSION = YES;
				CLANG_WARN_COMMA = YES;
				CLANG_WARN_CONSTANT_CONVERSION = YES;
				CLANG_WARN_DEPRECATED_OBJC_IMPLEMENTATIONS = YES;
				CLANG_WARN_DIRECT_OBJC_ISA_USAGE = YES_ERROR;
				CLANG_WARN_DOCUMENTATION_COMMENTS = YES;
				CLANG_WARN_EMPTY_BODY = YES;
				CLANG_WARN_ENUM_CONVERSION = YES;
				CLANG_WARN_INFINITE_RECURSION = YES;
				CLANG_WARN_INT_CONVERSION = YES;
				CLANG_WARN_NON_LITERAL_NULL_CONVERSION = YES;
				CLANG_WARN_OBJC_IMPLICIT_RETAIN_SELF = YES;
				CLANG_WARN_OBJC_LITERAL_CONVERSION = YES;
				CLANG_WARN_OBJC_ROOT_CLASS = YES_ERROR;
				CLANG_WARN_QUOTED_INCLUDE_IN_FRAMEWORK_HEADER = YES;
				CLANG_WARN_RANGE_LOOP_ANALYSIS = YES;
				CLANG_WARN_STRICT_PROTOTYPES = YES;
				CLANG_WARN_SUSPICIOUS_MOVE = YES;
				CLANG_WARN_UNGUARDED_AVAILABILITY = YES_AGGRESSIVE;
				CLANG_WARN_UNREACHABLE_CODE = YES;
				CLANG_WARN__DUPLICATE_METHOD_MATCH = YES;
				COPY_PHASE_STRIP = NO;
				DEBUG_INFORMATION_FORMAT = dwarf;
				ENABLE_STRICT_OBJC_MSGSEND = YES;
				ENABLE_TESTABILITY = YES;
				GCC_C_LANGUAGE_STANDARD = gnu11;
				GCC_DYNAMIC_NO_PIC = NO;
				GCC_NO_COMMON_BLOCKS = YES;
				GCC_OPTIMIZATION_LEVEL = 0;
				GCC_PREPROCESSOR_DEFINITIONS = (
					"DEBUG=1",
					"$(inherited)",
				);
				GCC_WARN_64_TO_32_BIT_CONVERSION = YES;
				GCC_WARN_ABOUT_RETURN_TYPE = YES_ERROR;
				GCC_WARN_UNDECLARED_SELECTOR = YES;
				GCC_WARN_UNINITIALIZED_AUTOS = YES_AGGRESSIVE;
				GCC_WARN_UNUSED_FUNCTION = YES;
				GCC_WARN_UNUSED_VARIABLE = YES;
				IPHONEOS_DEPLOYMENT_TARGET = 16.2;
				MTL_ENABLE_DEBUG_INFO = INCLUDE_SOURCE;
				MTL_FAST_MATH = YES;
				ONLY_ACTIVE_ARCH = YES;
				SDKROOT = iphoneos;
				SWIFT_ACTIVE_COMPILATION_CONDITIONS = DEBUG;
				SWIFT_OPTIMIZATION_LEVEL = "-Onone";
			};
			name = Debug;
		};
		262EA5CB2C55387C00162FC0 /* Release */ = {
			isa = XCBuildConfiguration;
			buildSettings = {
				ALWAYS_SEARCH_USER_PATHS = NO;
				CLANG_ANALYZER_NONNULL = YES;
				CLANG_ANALYZER_NUMBER_OBJECT_CONVERSION = YES_AGGRESSIVE;
				CLANG_CXX_LANGUAGE_STANDARD = "gnu++20";
				CLANG_ENABLE_MODULES = YES;
				CLANG_ENABLE_OBJC_ARC = YES;
				CLANG_ENABLE_OBJC_WEAK = YES;
				CLANG_WARN_BLOCK_CAPTURE_AUTORELEASING = YES;
				CLANG_WARN_BOOL_CONVERSION = YES;
				CLANG_WARN_COMMA = YES;
				CLANG_WARN_CONSTANT_CONVERSION = YES;
				CLANG_WARN_DEPRECATED_OBJC_IMPLEMENTATIONS = YES;
				CLANG_WARN_DIRECT_OBJC_ISA_USAGE = YES_ERROR;
				CLANG_WARN_DOCUMENTATION_COMMENTS = YES;
				CLANG_WARN_EMPTY_BODY = YES;
				CLANG_WARN_ENUM_CONVERSION = YES;
				CLANG_WARN_INFINITE_RECURSION = YES;
				CLANG_WARN_INT_CONVERSION = YES;
				CLANG_WARN_NON_LITERAL_NULL_CONVERSION = YES;
				CLANG_WARN_OBJC_IMPLICIT_RETAIN_SELF = YES;
				CLANG_WARN_OBJC_LITERAL_CONVERSION = YES;
				CLANG_WARN_OBJC_ROOT_CLASS = YES_ERROR;
				CLANG_WARN_QUOTED_INCLUDE_IN_FRAMEWORK_HEADER = YES;
				CLANG_WARN_RANGE_LOOP_ANALYSIS = YES;
				CLANG_WARN_STRICT_PROTOTYPES = YES;
				CLANG_WARN_SUSPICIOUS_MOVE = YES;
				CLANG_WARN_UNGUARDED_AVAILABILITY = YES_AGGRESSIVE;
				CLANG_WARN_UNREACHABLE_CODE = YES;
				CLANG_WARN__DUPLICATE_METHOD_MATCH = YES;
				COPY_PHASE_STRIP = NO;
				DEBUG_INFORMATION_FORMAT = "dwarf-with-dsym";
				ENABLE_NS_ASSERTIONS = NO;
				ENABLE_STRICT_OBJC_MSGSEND = YES;
				GCC_C_LANGUAGE_STANDARD = gnu11;
				GCC_NO_COMMON_BLOCKS = YES;
				GCC_WARN_64_TO_32_BIT_CONVERSION = YES;
				GCC_WARN_ABOUT_RETURN_TYPE = YES_ERROR;
				GCC_WARN_UNDECLARED_SELECTOR = YES;
				GCC_WARN_UNINITIALIZED_AUTOS = YES_AGGRESSIVE;
				GCC_WARN_UNUSED_FUNCTION = YES;
				GCC_WARN_UNUSED_VARIABLE = YES;
				IPHONEOS_DEPLOYMENT_TARGET = 16.2;
				MTL_ENABLE_DEBUG_INFO = NO;
				MTL_FAST_MATH = YES;
				SDKROOT = iphoneos;
				SWIFT_COMPILATION_MODE = wholemodule;
				SWIFT_OPTIMIZATION_LEVEL = "-O";
				VALIDATE_PRODUCT = YES;
			};
			name = Release;
		};
		262EA5CD2C55387C00162FC0 /* Debug */ = {
			isa = XCBuildConfiguration;
			buildSettings = {
				ASSETCATALOG_COMPILER_APPICON_NAME = AppIcon;
				ASSETCATALOG_COMPILER_GLOBAL_ACCENT_COLOR_NAME = AccentColor;
				CODE_SIGN_STYLE = Automatic;
				CURRENT_PROJECT_VERSION = 1;
				DEVELOPMENT_TEAM = 45LBN4FUN7;
				GENERATE_INFOPLIST_FILE = YES;
				INFOPLIST_FILE = KTV/Info.plist;
				INFOPLIST_KEY_UIApplicationSupportsIndirectInputEvents = YES;
				INFOPLIST_KEY_UILaunchStoryboardName = LaunchScreen;
				INFOPLIST_KEY_UIMainStoryboardFile = Main;
				INFOPLIST_KEY_UISupportedInterfaceOrientations_iPad = "UIInterfaceOrientationLandscapeLeft UIInterfaceOrientationLandscapeRight UIInterfaceOrientationPortrait UIInterfaceOrientationPortraitUpsideDown";
				IPHONEOS_DEPLOYMENT_TARGET = 16.2;
				LD_RUNPATH_SEARCH_PATHS = (
					"$(inherited)",
					"@executable_path/Frameworks",
				);
				MARKETING_VERSION = 1.0;
				PRODUCT_BUNDLE_IDENTIFIER = com.ashyou.KTV;
				PRODUCT_NAME = "$(TARGET_NAME)";
				SUPPORTED_PLATFORMS = "iphoneos iphonesimulator";
				SUPPORTS_MACCATALYST = NO;
				SUPPORTS_MAC_DESIGNED_FOR_IPHONE_IPAD = NO;
				SWIFT_EMIT_LOC_STRINGS = YES;
				SWIFT_VERSION = 5.0;
				TARGETED_DEVICE_FAMILY = 1;
			};
			name = Debug;
		};
		262EA5CE2C55387C00162FC0 /* Release */ = {
			isa = XCBuildConfiguration;
			buildSettings = {
				ASSETCATALOG_COMPILER_APPICON_NAME = AppIcon;
				ASSETCATALOG_COMPILER_GLOBAL_ACCENT_COLOR_NAME = AccentColor;
				CODE_SIGN_STYLE = Automatic;
				CURRENT_PROJECT_VERSION = 1;
				DEVELOPMENT_TEAM = 45LBN4FUN7;
				GENERATE_INFOPLIST_FILE = YES;
				INFOPLIST_FILE = KTV/Info.plist;
				INFOPLIST_KEY_UIApplicationSupportsIndirectInputEvents = YES;
				INFOPLIST_KEY_UILaunchStoryboardName = LaunchScreen;
				INFOPLIST_KEY_UIMainStoryboardFile = Main;
				INFOPLIST_KEY_UISupportedInterfaceOrientations_iPad = "UIInterfaceOrientationLandscapeLeft UIInterfaceOrientationLandscapeRight UIInterfaceOrientationPortrait UIInterfaceOrientationPortraitUpsideDown";
				IPHONEOS_DEPLOYMENT_TARGET = 16.2;
				LD_RUNPATH_SEARCH_PATHS = (
					"$(inherited)",
					"@executable_path/Frameworks",
				);
				MARKETING_VERSION = 1.0;
				PRODUCT_BUNDLE_IDENTIFIER = com.ashyou.KTV;
				PRODUCT_NAME = "$(TARGET_NAME)";
				SUPPORTED_PLATFORMS = "iphoneos iphonesimulator";
				SUPPORTS_MACCATALYST = NO;
				SUPPORTS_MAC_DESIGNED_FOR_IPHONE_IPAD = NO;
				SWIFT_EMIT_LOC_STRINGS = YES;
				SWIFT_VERSION = 5.0;
				TARGETED_DEVICE_FAMILY = 1;
			};
			name = Release;
		};
/* End XCBuildConfiguration section */

/* Begin XCConfigurationList section */
		262EA5B32C55387B00162FC0 /* Build configuration list for PBXProject "KTV" */ = {
			isa = XCConfigurationList;
			buildConfigurations = (
				262EA5CA2C55387C00162FC0 /* Debug */,
				262EA5CB2C55387C00162FC0 /* Release */,
			);
			defaultConfigurationIsVisible = 0;
			defaultConfigurationName = Release;
		};
		262EA5CC2C55387C00162FC0 /* Build configuration list for PBXNativeTarget "KTV" */ = {
			isa = XCConfigurationList;
			buildConfigurations = (
				262EA5CD2C55387C00162FC0 /* Debug */,
				262EA5CE2C55387C00162FC0 /* Release */,
			);
			defaultConfigurationIsVisible = 0;
			defaultConfigurationName = Release;
		};
/* End XCConfigurationList section */
	};
	rootObject = 262EA5B02C55387B00162FC0 /* Project object */;
}
